
Microsoft Visual Studio Solution File, Format Version 12.00
# Visual Studio Version 17
VisualStudioVersion = 17.1.32421.90
MinimumVisualStudioVersion = 10.0.40219.1
Project("{9A19103F-16F7-4668-BE54-9A1E7A4F7556}") = "Exercicios02", "Exercicios02\Exercicios02.csproj", "{AAF859D7-2F26-4501-B840-9D9719EFFB3F}"
EndProject
Project("{9A19103F-16F7-4668-BE54-9A1E7A4F7556}") = "Ex01", "Ex01\Ex01.csproj", "{C9AE14FF-3E8F-456C-9C9B-83C675275676}"
EndProject
Project("{9A19103F-16F7-4668-BE54-9A1E7A4F7556}") = "Ex02", "Ex02\Ex02.csproj", "{2012C959-1112-40AA-8416-508F7357A950}"
EndProject
Project("{9A19103F-16F7-4668-BE54-9A1E7A4F7556}") = "Ex03", "Ex03\Ex03.csproj", "{12A4D3FB-5B3D-407B-AABD-B1FBB770D660}"
EndProject
Project("{9A19103F-16F7-4668-BE54-9A1E7A4F7556}") = "Ex04", "Ex04\Ex04.csproj", "{A85042E8-4935-414D-8728-88C275C39D8C}"
EndProject
Project("{9A19103F-16F7-4668-BE54-9A1E7A4F7556}") = "Ex05", "Ex05\Ex05.csproj", "{D71521FF-1B4C-4927-88C8-698BB04BE853}"
EndProject
Project("{FAE04EC0-301F-11D3-BF4B-00C04F79EFBC}") = "Ex06", "Ex06\Ex06.csproj", "{3587C21A-BF33-457C-8681-17A3DFAE9F4F}"
EndProject
Project("{FAE04EC0-301F-11D3-BF4B-00C04F79EFBC}") = "Ex07", "Ex07\Ex07.csproj", "{49318556-5B9A-4C7D-BA69-1D5F35666D4B}"
EndProject
Global
	GlobalSection(SolutionConfigurationPlatforms) = preSolution
		Debug|Any CPU = Debug|Any CPU
		Release|Any CPU = Release|Any CPU
	EndGlobalSection
	GlobalSection(ProjectConfigurationPlatforms) = postSolution
		{AAF859D7-2F26-4501-B840-9D9719EFFB3F}.Debug|Any CPU.ActiveCfg = Debug|Any CPU
		{AAF859D7-2F26-4501-B840-9D9719EFFB3F}.Debug|Any CPU.Build.0 = Debug|Any CPU
		{AAF859D7-2F26-4501-B840-9D9719EFFB3F}.Release|Any CPU.ActiveCfg = Release|Any CPU
		{AAF859D7-2F26-4501-B840-9D9719EFFB3F}.Release|Any CPU.Build.0 = Release|Any CPU
		{C9AE14FF-3E8F-456C-9C9B-83C675275676}.Debug|Any CPU.ActiveCfg = Debug|Any CPU
		{C9AE14FF-3E8F-456C-9C9B-83C675275676}.Debug|Any CPU.Build.0 = Debug|Any CPU
		{C9AE14FF-3E8F-456C-9C9B-83C675275676}.Release|Any CPU.ActiveCfg = Release|Any CPU
		{C9AE14FF-3E8F-456C-9C9B-83C675275676}.Release|Any CPU.Build.0 = Release|Any CPU
		{2012C959-1112-40AA-8416-508F7357A950}.Debug|Any CPU.ActiveCfg = Debug|Any CPU
		{2012C959-1112-40AA-8416-508F7357A950}.Debug|Any CPU.Build.0 = Debug|Any CPU
		{2012C959-1112-40AA-8416-508F7357A950}.Release|Any CPU.ActiveCfg = Release|Any CPU
		{2012C959-1112-40AA-8416-508F7357A950}.Release|Any CPU.Build.0 = Release|Any CPU
		{12A4D3FB-5B3D-407B-AABD-B1FBB770D660}.Debug|Any CPU.ActiveCfg = Debug|Any CPU
		{12A4D3FB-5B3D-407B-AABD-B1FBB770D660}.Debug|Any CPU.Build.0 = Debug|Any CPU
		{12A4D3FB-5B3D-407B-AABD-B1FBB770D660}.Release|Any CPU.ActiveCfg = Release|Any CPU
		{12A4D3FB-5B3D-407B-AABD-B1FBB770D660}.Release|Any CPU.Build.0 = Release|Any CPU
		{A85042E8-4935-414D-8728-88C275C39D8C}.Debug|Any CPU.ActiveCfg = Debug|Any CPU
		{A85042E8-4935-414D-8728-88C275C39D8C}.Debug|Any CPU.Build.0 = Debug|Any CPU
		{A85042E8-4935-414D-8728-88C275C39D8C}.Release|Any CPU.ActiveCfg = Release|Any CPU
		{A85042E8-4935-414D-8728-88C275C39D8C}.Release|Any CPU.Build.0 = Release|Any CPU
		{D71521FF-1B4C-4927-88C8-698BB04BE853}.Debug|Any CPU.ActiveCfg = Debug|Any CPU
		{D71521FF-1B4C-4927-88C8-698BB04BE853}.Debug|Any CPU.Build.0 = Debug|Any CPU
		{D71521FF-1B4C-4927-88C8-698BB04BE853}.Release|Any CPU.ActiveCfg = Release|Any CPU
		{D71521FF-1B4C-4927-88C8-698BB04BE853}.Release|Any CPU.Build.0 = Release|Any CPU
		{3587C21A-BF33-457C-8681-17A3DFAE9F4F}.Debug|Any CPU.ActiveCfg = Debug|Any CPU
		{3587C21A-BF33-457C-8681-17A3DFAE9F4F}.Debug|Any CPU.Build.0 = Debug|Any CPU
		{3587C21A-BF33-457C-8681-17A3DFAE9F4F}.Release|Any CPU.ActiveCfg = Release|Any CPU
		{3587C21A-BF33-457C-8681-17A3DFAE9F4F}.Release|Any CPU.Build.0 = Release|Any CPU
		{49318556-5B9A-4C7D-BA69-1D5F35666D4B}.Debug|Any CPU.ActiveCfg = Debug|Any CPU
		{49318556-5B9A-4C7D-BA69-1D5F35666D4B}.Debug|Any CPU.Build.0 = Debug|Any CPU
		{49318556-5B9A-4C7D-BA69-1D5F35666D4B}.Release|Any CPU.ActiveCfg = Release|Any CPU
		{49318556-5B9A-4C7D-BA69-1D5F35666D4B}.Release|Any CPU.Build.0 = Release|Any CPU
	EndGlobalSection
	GlobalSection(SolutionProperties) = preSolution
		HideSolutionNode = FALSE
	EndGlobalSection
	GlobalSection(ExtensibilityGlobals) = postSolution
		SolutionGuid = {28C22C07-4CB5-4023-8D4E-D57AEDBAECFD}
	EndGlobalSection
EndGlobal
