
Microsoft Visual Studio Solution File, Format Version 12.00
# Visual Studio Version 17
VisualStudioVersion = 17.1.32421.90
MinimumVisualStudioVersion = 10.0.40219.1
Project("{FAE04EC0-301F-11D3-BF4B-00C04F79EFBC}") = "Exercicios02", "Exercicios02\Exercicios02.csproj", "{AAF859D7-2F26-4501-B840-9D9719EFFB3F}"
EndProject
Global
	GlobalSection(SolutionConfigurationPlatforms) = preSolution
		Debug|Any CPU = Debug|Any CPU
		Release|Any CPU = Release|Any CPU
	EndGlobalSection
	GlobalSection(ProjectConfigurationPlatforms) = postSolution
		{AAF859D7-2F26-4501-B840-9D9719EFFB3F}.Debug|Any CPU.ActiveCfg = Debug|Any CPU
		{AAF859D7-2F26-4501-B840-9D9719EFFB3F}.Debug|Any CPU.Build.0 = Debug|Any CPU
		{AAF859D7-2F26-4501-B840-9D9719EFFB3F}.Release|Any CPU.ActiveCfg = Release|Any CPU
		{AAF859D7-2F26-4501-B840-9D9719EFFB3F}.Release|Any CPU.Build.0 = Release|Any CPU
	EndGlobalSection
	GlobalSection(SolutionProperties) = preSolution
		HideSolutionNode = FALSE
	EndGlobalSection
	GlobalSection(ExtensibilityGlobals) = postSolution
		SolutionGuid = {28C22C07-4CB5-4023-8D4E-D57AEDBAECFD}
	EndGlobalSection
EndGlobal
